// !$*UTF8*$!
{
	archiveVersion = 1;
	classes = {
	};
	objectVersion = 55;
	objects = {

/* Begin PBXBuildFile section */
		4822DD8C28914B8700D826A3 /* AppDelegate.swift in Sources */ = {isa = PBXBuildFile; fileRef = 4822DD8B28914B8700D826A3 /* AppDelegate.swift */; };
		4822DD8E28914B8700D826A3 /* SceneDelegate.swift in Sources */ = {isa = PBXBuildFile; fileRef = 4822DD8D28914B8700D826A3 /* SceneDelegate.swift */; };
		4822DD9028914B8700D826A3 /* ViewController.swift in Sources */ = {isa = PBXBuildFile; fileRef = 4822DD8F28914B8700D826A3 /* ViewController.swift */; };
		4822DD9528914B8A00D826A3 /* Assets.xcassets in Resources */ = {isa = PBXBuildFile; fileRef = 4822DD9428914B8A00D826A3 /* Assets.xcassets */; };
		4822DD9828914B8A00D826A3 /* LaunchScreen.storyboard in Resources */ = {isa = PBXBuildFile; fileRef = 4822DD9628914B8A00D826A3 /* LaunchScreen.storyboard */; };
		4822DDA028914C4C00D826A3 /* Main.storyboard in Resources */ = {isa = PBXBuildFile; fileRef = 4822DD9F28914C4C00D826A3 /* Main.storyboard */; };
		4822DDA228914C7200D826A3 /* HomeViewController.swift in Sources */ = {isa = PBXBuildFile; fileRef = 4822DDA128914C7200D826A3 /* HomeViewController.swift */; };
		4822DDAA28914DC000D826A3 /* TabBarViewController.swift in Sources */ = {isa = PBXBuildFile; fileRef = 4822DDA928914DC000D826A3 /* TabBarViewController.swift */; };
		4822DDAC28914DDF00D826A3 /* SearchViewController.swift in Sources */ = {isa = PBXBuildFile; fileRef = 4822DDAB28914DDF00D826A3 /* SearchViewController.swift */; };
		4822DDAE28914DFE00D826A3 /* LibraryViewController.swift in Sources */ = {isa = PBXBuildFile; fileRef = 4822DDAD28914DFE00D826A3 /* LibraryViewController.swift */; };
		4822DDB228914E2600D826A3 /* AuthViewController.swift in Sources */ = {isa = PBXBuildFile; fileRef = 4822DDB128914E2600D826A3 /* AuthViewController.swift */; };
		4822DDB428914E3300D826A3 /* WelcomeViewController.swift in Sources */ = {isa = PBXBuildFile; fileRef = 4822DDB328914E3300D826A3 /* WelcomeViewController.swift */; };
		4822DDB628914E3A00D826A3 /* SettingsViewController.swift in Sources */ = {isa = PBXBuildFile; fileRef = 4822DDB528914E3A00D826A3 /* SettingsViewController.swift */; };
		4822DDB828914E4800D826A3 /* ProfileViewController.swift in Sources */ = {isa = PBXBuildFile; fileRef = 4822DDB728914E4800D826A3 /* ProfileViewController.swift */; };
		4822DDBA28914E5500D826A3 /* PlayerViewController.swift in Sources */ = {isa = PBXBuildFile; fileRef = 4822DDB928914E5500D826A3 /* PlayerViewController.swift */; };
		4822DDBC28914E5E00D826A3 /* PlaylistViewController.swift in Sources */ = {isa = PBXBuildFile; fileRef = 4822DDBB28914E5E00D826A3 /* PlaylistViewController.swift */; };
		4822DDBE28914E7300D826A3 /* SearchResultViewController.swift in Sources */ = {isa = PBXBuildFile; fileRef = 4822DDBD28914E7300D826A3 /* SearchResultViewController.swift */; };
		4822DDC028914E9E00D826A3 /* AuthManager.swift in Sources */ = {isa = PBXBuildFile; fileRef = 4822DDBF28914E9E00D826A3 /* AuthManager.swift */; };
		4822DDC228914EBB00D826A3 /* APICaller.swift in Sources */ = {isa = PBXBuildFile; fileRef = 4822DDC128914EBB00D826A3 /* APICaller.swift */; };
		4822DDC428914EC400D826A3 /* HapticsManager.swift in Sources */ = {isa = PBXBuildFile; fileRef = 4822DDC328914EC400D826A3 /* HapticsManager.swift */; };
		4822DDC628914EED00D826A3 /* Playlist.swift in Sources */ = {isa = PBXBuildFile; fileRef = 4822DDC528914EED00D826A3 /* Playlist.swift */; };
		4822DDC828914EF700D826A3 /* AudioTrack.swift in Sources */ = {isa = PBXBuildFile; fileRef = 4822DDC728914EF700D826A3 /* AudioTrack.swift */; };
		4822DDCA28914EFE00D826A3 /* Artist.swift in Sources */ = {isa = PBXBuildFile; fileRef = 4822DDC928914EFE00D826A3 /* Artist.swift */; };
		4822DDCE28914F1600D826A3 /* UserProfile.swift in Sources */ = {isa = PBXBuildFile; fileRef = 4822DDCD28914F1600D826A3 /* UserProfile.swift */; };
		4822DDD62891628A00D826A3 /* UIView+Extension.swift in Sources */ = {isa = PBXBuildFile; fileRef = 4822DDD52891628A00D826A3 /* UIView+Extension.swift */; };
		4822DDD928924C4300D826A3 /* Endpoints.swift in Sources */ = {isa = PBXBuildFile; fileRef = 4822DDD828924C4300D826A3 /* Endpoints.swift */; };
		4822DDDB28925B1600D826A3 /* AuthResponse.swift in Sources */ = {isa = PBXBuildFile; fileRef = 4822DDDA28925B1600D826A3 /* AuthResponse.swift */; };
		4822DDDE2892768D00D826A3 /* Constants.swift in Sources */ = {isa = PBXBuildFile; fileRef = 4822DDDD2892768D00D826A3 /* Constants.swift */; };
		4822DDE02892786100D826A3 /* UserDefaultsKeys.swift in Sources */ = {isa = PBXBuildFile; fileRef = 4822DDDF2892786100D826A3 /* UserDefaultsKeys.swift */; };
		4823EF9328A0CF78001DA1CE /* SearchResultDefaultTableViewCell.swift in Sources */ = {isa = PBXBuildFile; fileRef = 4823EF9228A0CF78001DA1CE /* SearchResultDefaultTableViewCell.swift */; };
		4847190528A26CDF00F2C020 /* SearchResultDefaultTableViewCellViewModel.swift in Sources */ = {isa = PBXBuildFile; fileRef = 4847190428A26CDF00F2C020 /* SearchResultDefaultTableViewCellViewModel.swift */; };
		4847190928A26E0600F2C020 /* UITableViewCell+Extension.swift in Sources */ = {isa = PBXBuildFile; fileRef = 4847190828A26E0600F2C020 /* UITableViewCell+Extension.swift */; };
		4847190B28A27A8C00F2C020 /* SearchResultSubtitleTableViewCell.swift in Sources */ = {isa = PBXBuildFile; fileRef = 4847190A28A27A8C00F2C020 /* SearchResultSubtitleTableViewCell.swift */; };
		4847190D28A27C0D00F2C020 /* SearchResultSubtitleTableViewCellViewModel.swift in Sources */ = {isa = PBXBuildFile; fileRef = 4847190C28A27C0D00F2C020 /* SearchResultSubtitleTableViewCellViewModel.swift */; };
		486A366B289BD93C00F7A370 /* File.swift in Sources */ = {isa = PBXBuildFile; fileRef = 486A366A289BD93C00F7A370 /* File.swift */; };
		486A366D289BD95E00F7A370 /* AlbumTrackCollectionViewCell.swift in Sources */ = {isa = PBXBuildFile; fileRef = 486A366C289BD95E00F7A370 /* AlbumTrackCollectionViewCell.swift */; };
		486A366F289BDB8500F7A370 /* AlbumCollectionViewCellViewModel.swift in Sources */ = {isa = PBXBuildFile; fileRef = 486A366E289BDB8500F7A370 /* AlbumCollectionViewCellViewModel.swift */; };
		486A3671289BDCB800F7A370 /* DateFormatter+Extension.swift in Sources */ = {isa = PBXBuildFile; fileRef = 486A3670289BDCB800F7A370 /* DateFormatter+Extension.swift */; };
		486A3673289BDE3800F7A370 /* String+Extension.swift in Sources */ = {isa = PBXBuildFile; fileRef = 486A3672289BDE3800F7A370 /* String+Extension.swift */; };
		48995AB328993DB0009BD2E8 /* FeaturedPlaylistCellViewModel.swift in Sources */ = {isa = PBXBuildFile; fileRef = 48995AB228993DAF009BD2E8 /* FeaturedPlaylistCellViewModel.swift */; };
		48995AB528993E4A009BD2E8 /* RecommendedTrackCellViewModel.swift in Sources */ = {isa = PBXBuildFile; fileRef = 48995AB428993E4A009BD2E8 /* RecommendedTrackCellViewModel.swift */; };
		48AB9601289CD09400520109 /* CategoryCollectionViewCell.swift in Sources */ = {isa = PBXBuildFile; fileRef = 48AB9600289CD09400520109 /* CategoryCollectionViewCell.swift */; };
		48AB9603289CF9F400520109 /* AllCategoriesResponse.swift in Sources */ = {isa = PBXBuildFile; fileRef = 48AB9602289CF9F400520109 /* AllCategoriesResponse.swift */; };
		48AB9605289CFFE400520109 /* CategoryPlaylistResponse.swift in Sources */ = {isa = PBXBuildFile; fileRef = 48AB9604289CFFE400520109 /* CategoryPlaylistResponse.swift */; };
		48AB9607289D054C00520109 /* CategoryCollectionViewCellViewModel.swift in Sources */ = {isa = PBXBuildFile; fileRef = 48AB9606289D054C00520109 /* CategoryCollectionViewCellViewModel.swift */; };
		48AB9609289D098700520109 /* CategoryViewController.swift in Sources */ = {isa = PBXBuildFile; fileRef = 48AB9608289D098700520109 /* CategoryViewController.swift */; };
		48AB960B289D2FA600520109 /* SearchResultResponse.swift in Sources */ = {isa = PBXBuildFile; fileRef = 48AB960A289D2FA600520109 /* SearchResultResponse.swift */; };
		48AB960D289D334000520109 /* SearchResults.swift in Sources */ = {isa = PBXBuildFile; fileRef = 48AB960C289D334000520109 /* SearchResults.swift */; };
		48B8FBAD289A3364008951CF /* AlbumViewController.swift in Sources */ = {isa = PBXBuildFile; fileRef = 48B8FBAC289A3364008951CF /* AlbumViewController.swift */; };
		48B8FBAF289A3FBF008951CF /* AlbumDetailResponse.swift in Sources */ = {isa = PBXBuildFile; fileRef = 48B8FBAE289A3FBF008951CF /* AlbumDetailResponse.swift */; };
		48B8FBB1289A5BDD008951CF /* PlaylistDetailResponse.swift in Sources */ = {isa = PBXBuildFile; fileRef = 48B8FBB0289A5BDD008951CF /* PlaylistDetailResponse.swift */; };
		48C0C6F0289A71780010E7CB /* PlaylistHeaderCollectionReusableView.swift in Sources */ = {isa = PBXBuildFile; fileRef = 48C0C6EF289A71780010E7CB /* PlaylistHeaderCollectionReusableView.swift */; };
		48C0C6F4289A87DB0010E7CB /* PlaylistHeaderViewViewModel.swift in Sources */ = {isa = PBXBuildFile; fileRef = 48C0C6F3289A87DB0010E7CB /* PlaylistHeaderViewViewModel.swift */; };
		48C0C6F6289B80F20010E7CB /* TitleHeaderCollectionReusableView.swift in Sources */ = {isa = PBXBuildFile; fileRef = 48C0C6F5289B80F20010E7CB /* TitleHeaderCollectionReusableView.swift */; };
		48D5B1352893EF9C00796973 /* NewReleasesResponse.swift in Sources */ = {isa = PBXBuildFile; fileRef = 48D5B1342893EF9C00796973 /* NewReleasesResponse.swift */; };
		48D5B1372893F1AE00796973 /* ApiImage.swift in Sources */ = {isa = PBXBuildFile; fileRef = 48D5B1362893F1AE00796973 /* ApiImage.swift */; };
		48D5B13B2893FD9600796973 /* FeaturedPlaylistResponse.swift in Sources */ = {isa = PBXBuildFile; fileRef = 48D5B13A2893FD9600796973 /* FeaturedPlaylistResponse.swift */; };
		48DB0B13289790F000B42B6D /* RecommendedGenreResponse.swift in Sources */ = {isa = PBXBuildFile; fileRef = 48DB0B12289790F000B42B6D /* RecommendedGenreResponse.swift */; };
		48DB0B152897C31300B42B6D /* RecommendationsResponse.swift in Sources */ = {isa = PBXBuildFile; fileRef = 48DB0B142897C31300B42B6D /* RecommendationsResponse.swift */; };
		48DB0B182897E97100B42B6D /* NewReleaseCollectionViewCell.swift in Sources */ = {isa = PBXBuildFile; fileRef = 48DB0B172897E97100B42B6D /* NewReleaseCollectionViewCell.swift */; };
		48DB0B1A2897E9C000B42B6D /* FeaturedPlaylistCollectionViewCell.swift in Sources */ = {isa = PBXBuildFile; fileRef = 48DB0B192897E9C000B42B6D /* FeaturedPlaylistCollectionViewCell.swift */; };
		48DB0B1C2897EAF800B42B6D /* RecommendedTrackCollectionViewCell.swift in Sources */ = {isa = PBXBuildFile; fileRef = 48DB0B1B2897EAF800B42B6D /* RecommendedTrackCollectionViewCell.swift */; };
		48DB0B1E2897F68B00B42B6D /* NewReleasesCellViewModel.swift in Sources */ = {isa = PBXBuildFile; fileRef = 48DB0B1D2897F68B00B42B6D /* NewReleasesCellViewModel.swift */; };
		48DB0B202897F7BA00B42B6D /* UICollectionViewCell+Extension.swift in Sources */ = {isa = PBXBuildFile; fileRef = 48DB0B1F2897F7BA00B42B6D /* UICollectionViewCell+Extension.swift */; };
		48E6B01328938E8500A90833 /* APIError.swift in Sources */ = {isa = PBXBuildFile; fileRef = 48E6B01228938E8500A90833 /* APIError.swift */; };
		48E6B0152893A59900A90833 /* Settings.swift in Sources */ = {isa = PBXBuildFile; fileRef = 48E6B0142893A59900A90833 /* Settings.swift */; };
		48E6B0172893BFE300A90833 /* AuthConstants.swift in Sources */ = {isa = PBXBuildFile; fileRef = 48E6B0162893BFE300A90833 /* AuthConstants.swift */; };
		A6FD39BC7A24BB821EA46F58 /* Pods_SpotifyClone.framework in Frameworks */ = {isa = PBXBuildFile; fileRef = 42843CC6D5D706393A154CA0 /* Pods_SpotifyClone.framework */; };
/* End PBXBuildFile section */

/* Begin PBXFileReference section */
		2367FA7A8DA00A3B9A614B67 /* Pods-SpotifyClone.release.xcconfig */ = {isa = PBXFileReference; includeInIndex = 1; lastKnownFileType = text.xcconfig; name = "Pods-SpotifyClone.release.xcconfig"; path = "Target Support Files/Pods-SpotifyClone/Pods-SpotifyClone.release.xcconfig"; sourceTree = "<group>"; };
		42153DA7F9739389654CD067 /* Pods-SpotifyClone.debug.xcconfig */ = {isa = PBXFileReference; includeInIndex = 1; lastKnownFileType = text.xcconfig; name = "Pods-SpotifyClone.debug.xcconfig"; path = "Target Support Files/Pods-SpotifyClone/Pods-SpotifyClone.debug.xcconfig"; sourceTree = "<group>"; };
		42843CC6D5D706393A154CA0 /* Pods_SpotifyClone.framework */ = {isa = PBXFileReference; explicitFileType = wrapper.framework; includeInIndex = 0; path = Pods_SpotifyClone.framework; sourceTree = BUILT_PRODUCTS_DIR; };
		4822DD8828914B8700D826A3 /* SpotifyClone.app */ = {isa = PBXFileReference; explicitFileType = wrapper.application; includeInIndex = 0; path = SpotifyClone.app; sourceTree = BUILT_PRODUCTS_DIR; };
		4822DD8B28914B8700D826A3 /* AppDelegate.swift */ = {isa = PBXFileReference; lastKnownFileType = sourcecode.swift; path = AppDelegate.swift; sourceTree = "<group>"; };
		4822DD8D28914B8700D826A3 /* SceneDelegate.swift */ = {isa = PBXFileReference; lastKnownFileType = sourcecode.swift; path = SceneDelegate.swift; sourceTree = "<group>"; };
		4822DD8F28914B8700D826A3 /* ViewController.swift */ = {isa = PBXFileReference; lastKnownFileType = sourcecode.swift; path = ViewController.swift; sourceTree = "<group>"; };
		4822DD9428914B8A00D826A3 /* Assets.xcassets */ = {isa = PBXFileReference; lastKnownFileType = folder.assetcatalog; path = Assets.xcassets; sourceTree = "<group>"; };
		4822DD9728914B8A00D826A3 /* Base */ = {isa = PBXFileReference; lastKnownFileType = file.storyboard; name = Base; path = Base.lproj/LaunchScreen.storyboard; sourceTree = "<group>"; };
		4822DD9928914B8A00D826A3 /* Info.plist */ = {isa = PBXFileReference; lastKnownFileType = text.plist.xml; path = Info.plist; sourceTree = "<group>"; };
		4822DD9F28914C4C00D826A3 /* Main.storyboard */ = {isa = PBXFileReference; fileEncoding = 4; lastKnownFileType = file.storyboard; path = Main.storyboard; sourceTree = "<group>"; };
		4822DDA128914C7200D826A3 /* HomeViewController.swift */ = {isa = PBXFileReference; lastKnownFileType = sourcecode.swift; path = HomeViewController.swift; sourceTree = "<group>"; };
		4822DDA928914DC000D826A3 /* TabBarViewController.swift */ = {isa = PBXFileReference; lastKnownFileType = sourcecode.swift; path = TabBarViewController.swift; sourceTree = "<group>"; };
		4822DDAB28914DDF00D826A3 /* SearchViewController.swift */ = {isa = PBXFileReference; lastKnownFileType = sourcecode.swift; path = SearchViewController.swift; sourceTree = "<group>"; };
		4822DDAD28914DFE00D826A3 /* LibraryViewController.swift */ = {isa = PBXFileReference; lastKnownFileType = sourcecode.swift; path = LibraryViewController.swift; sourceTree = "<group>"; };
		4822DDB128914E2600D826A3 /* AuthViewController.swift */ = {isa = PBXFileReference; lastKnownFileType = sourcecode.swift; path = AuthViewController.swift; sourceTree = "<group>"; };
		4822DDB328914E3300D826A3 /* WelcomeViewController.swift */ = {isa = PBXFileReference; lastKnownFileType = sourcecode.swift; path = WelcomeViewController.swift; sourceTree = "<group>"; };
		4822DDB528914E3A00D826A3 /* SettingsViewController.swift */ = {isa = PBXFileReference; lastKnownFileType = sourcecode.swift; path = SettingsViewController.swift; sourceTree = "<group>"; };
		4822DDB728914E4800D826A3 /* ProfileViewController.swift */ = {isa = PBXFileReference; lastKnownFileType = sourcecode.swift; path = ProfileViewController.swift; sourceTree = "<group>"; };
		4822DDB928914E5500D826A3 /* PlayerViewController.swift */ = {isa = PBXFileReference; lastKnownFileType = sourcecode.swift; path = PlayerViewController.swift; sourceTree = "<group>"; };
		4822DDBB28914E5E00D826A3 /* PlaylistViewController.swift */ = {isa = PBXFileReference; lastKnownFileType = sourcecode.swift; path = PlaylistViewController.swift; sourceTree = "<group>"; };
		4822DDBD28914E7300D826A3 /* SearchResultViewController.swift */ = {isa = PBXFileReference; lastKnownFileType = sourcecode.swift; path = SearchResultViewController.swift; sourceTree = "<group>"; };
		4822DDBF28914E9E00D826A3 /* AuthManager.swift */ = {isa = PBXFileReference; lastKnownFileType = sourcecode.swift; path = AuthManager.swift; sourceTree = "<group>"; };
		4822DDC128914EBB00D826A3 /* APICaller.swift */ = {isa = PBXFileReference; lastKnownFileType = sourcecode.swift; path = APICaller.swift; sourceTree = "<group>"; };
		4822DDC328914EC400D826A3 /* HapticsManager.swift */ = {isa = PBXFileReference; lastKnownFileType = sourcecode.swift; path = HapticsManager.swift; sourceTree = "<group>"; };
		4822DDC528914EED00D826A3 /* Playlist.swift */ = {isa = PBXFileReference; lastKnownFileType = sourcecode.swift; path = Playlist.swift; sourceTree = "<group>"; };
		4822DDC728914EF700D826A3 /* AudioTrack.swift */ = {isa = PBXFileReference; lastKnownFileType = sourcecode.swift; path = AudioTrack.swift; sourceTree = "<group>"; };
		4822DDC928914EFE00D826A3 /* Artist.swift */ = {isa = PBXFileReference; lastKnownFileType = sourcecode.swift; path = Artist.swift; sourceTree = "<group>"; };
		4822DDCD28914F1600D826A3 /* UserProfile.swift */ = {isa = PBXFileReference; lastKnownFileType = sourcecode.swift; path = UserProfile.swift; sourceTree = "<group>"; };
		4822DDD52891628A00D826A3 /* UIView+Extension.swift */ = {isa = PBXFileReference; lastKnownFileType = sourcecode.swift; path = "UIView+Extension.swift"; sourceTree = "<group>"; };
		4822DDD828924C4300D826A3 /* Endpoints.swift */ = {isa = PBXFileReference; lastKnownFileType = sourcecode.swift; path = Endpoints.swift; sourceTree = "<group>"; };
		4822DDDA28925B1600D826A3 /* AuthResponse.swift */ = {isa = PBXFileReference; lastKnownFileType = sourcecode.swift; path = AuthResponse.swift; sourceTree = "<group>"; };
		4822DDDD2892768D00D826A3 /* Constants.swift */ = {isa = PBXFileReference; lastKnownFileType = sourcecode.swift; path = Constants.swift; sourceTree = "<group>"; };
		4822DDDF2892786100D826A3 /* UserDefaultsKeys.swift */ = {isa = PBXFileReference; lastKnownFileType = sourcecode.swift; path = UserDefaultsKeys.swift; sourceTree = "<group>"; };
		4823EF9228A0CF78001DA1CE /* SearchResultDefaultTableViewCell.swift */ = {isa = PBXFileReference; lastKnownFileType = sourcecode.swift; path = SearchResultDefaultTableViewCell.swift; sourceTree = "<group>"; };
		4847190428A26CDF00F2C020 /* SearchResultDefaultTableViewCellViewModel.swift */ = {isa = PBXFileReference; lastKnownFileType = sourcecode.swift; path = SearchResultDefaultTableViewCellViewModel.swift; sourceTree = "<group>"; };
		4847190828A26E0600F2C020 /* UITableViewCell+Extension.swift */ = {isa = PBXFileReference; lastKnownFileType = sourcecode.swift; path = "UITableViewCell+Extension.swift"; sourceTree = "<group>"; };
		4847190A28A27A8C00F2C020 /* SearchResultSubtitleTableViewCell.swift */ = {isa = PBXFileReference; lastKnownFileType = sourcecode.swift; path = SearchResultSubtitleTableViewCell.swift; sourceTree = "<group>"; };
		4847190C28A27C0D00F2C020 /* SearchResultSubtitleTableViewCellViewModel.swift */ = {isa = PBXFileReference; lastKnownFileType = sourcecode.swift; path = SearchResultSubtitleTableViewCellViewModel.swift; sourceTree = "<group>"; };
		486A366A289BD93C00F7A370 /* File.swift */ = {isa = PBXFileReference; lastKnownFileType = sourcecode.swift; path = File.swift; sourceTree = "<group>"; };
		486A366C289BD95E00F7A370 /* AlbumTrackCollectionViewCell.swift */ = {isa = PBXFileReference; lastKnownFileType = sourcecode.swift; path = AlbumTrackCollectionViewCell.swift; sourceTree = "<group>"; };
		486A366E289BDB8500F7A370 /* AlbumCollectionViewCellViewModel.swift */ = {isa = PBXFileReference; lastKnownFileType = sourcecode.swift; path = AlbumCollectionViewCellViewModel.swift; sourceTree = "<group>"; };
		486A3670289BDCB800F7A370 /* DateFormatter+Extension.swift */ = {isa = PBXFileReference; lastKnownFileType = sourcecode.swift; path = "DateFormatter+Extension.swift"; sourceTree = "<group>"; };
		486A3672289BDE3800F7A370 /* String+Extension.swift */ = {isa = PBXFileReference; lastKnownFileType = sourcecode.swift; path = "String+Extension.swift"; sourceTree = "<group>"; };
		48995AB228993DAF009BD2E8 /* FeaturedPlaylistCellViewModel.swift */ = {isa = PBXFileReference; lastKnownFileType = sourcecode.swift; path = FeaturedPlaylistCellViewModel.swift; sourceTree = "<group>"; };
		48995AB428993E4A009BD2E8 /* RecommendedTrackCellViewModel.swift */ = {isa = PBXFileReference; lastKnownFileType = sourcecode.swift; path = RecommendedTrackCellViewModel.swift; sourceTree = "<group>"; };
		48AB9600289CD09400520109 /* CategoryCollectionViewCell.swift */ = {isa = PBXFileReference; lastKnownFileType = sourcecode.swift; path = CategoryCollectionViewCell.swift; sourceTree = "<group>"; };
		48AB9602289CF9F400520109 /* AllCategoriesResponse.swift */ = {isa = PBXFileReference; lastKnownFileType = sourcecode.swift; path = AllCategoriesResponse.swift; sourceTree = "<group>"; };
		48AB9604289CFFE400520109 /* CategoryPlaylistResponse.swift */ = {isa = PBXFileReference; lastKnownFileType = sourcecode.swift; path = CategoryPlaylistResponse.swift; sourceTree = "<group>"; };
		48AB9606289D054C00520109 /* CategoryCollectionViewCellViewModel.swift */ = {isa = PBXFileReference; lastKnownFileType = sourcecode.swift; path = CategoryCollectionViewCellViewModel.swift; sourceTree = "<group>"; };
		48AB9608289D098700520109 /* CategoryViewController.swift */ = {isa = PBXFileReference; lastKnownFileType = sourcecode.swift; path = CategoryViewController.swift; sourceTree = "<group>"; };
		48AB960A289D2FA600520109 /* SearchResultResponse.swift */ = {isa = PBXFileReference; lastKnownFileType = sourcecode.swift; path = SearchResultResponse.swift; sourceTree = "<group>"; };
		48AB960C289D334000520109 /* SearchResults.swift */ = {isa = PBXFileReference; lastKnownFileType = sourcecode.swift; path = SearchResults.swift; sourceTree = "<group>"; };
		48B8FBAC289A3364008951CF /* AlbumViewController.swift */ = {isa = PBXFileReference; lastKnownFileType = sourcecode.swift; path = AlbumViewController.swift; sourceTree = "<group>"; };
		48B8FBAE289A3FBF008951CF /* AlbumDetailResponse.swift */ = {isa = PBXFileReference; lastKnownFileType = sourcecode.swift; path = AlbumDetailResponse.swift; sourceTree = "<group>"; };
		48B8FBB0289A5BDD008951CF /* PlaylistDetailResponse.swift */ = {isa = PBXFileReference; lastKnownFileType = sourcecode.swift; path = PlaylistDetailResponse.swift; sourceTree = "<group>"; };
		48C0C6EF289A71780010E7CB /* PlaylistHeaderCollectionReusableView.swift */ = {isa = PBXFileReference; lastKnownFileType = sourcecode.swift; path = PlaylistHeaderCollectionReusableView.swift; sourceTree = "<group>"; };
		48C0C6F3289A87DB0010E7CB /* PlaylistHeaderViewViewModel.swift */ = {isa = PBXFileReference; lastKnownFileType = sourcecode.swift; path = PlaylistHeaderViewViewModel.swift; sourceTree = "<group>"; };
		48C0C6F5289B80F20010E7CB /* TitleHeaderCollectionReusableView.swift */ = {isa = PBXFileReference; lastKnownFileType = sourcecode.swift; path = TitleHeaderCollectionReusableView.swift; sourceTree = "<group>"; };
		48D5B1342893EF9C00796973 /* NewReleasesResponse.swift */ = {isa = PBXFileReference; lastKnownFileType = sourcecode.swift; path = NewReleasesResponse.swift; sourceTree = "<group>"; };
		48D5B1362893F1AE00796973 /* ApiImage.swift */ = {isa = PBXFileReference; lastKnownFileType = sourcecode.swift; path = ApiImage.swift; sourceTree = "<group>"; };
		48D5B13A2893FD9600796973 /* FeaturedPlaylistResponse.swift */ = {isa = PBXFileReference; lastKnownFileType = sourcecode.swift; path = FeaturedPlaylistResponse.swift; sourceTree = "<group>"; };
		48DB0B12289790F000B42B6D /* RecommendedGenreResponse.swift */ = {isa = PBXFileReference; lastKnownFileType = sourcecode.swift; path = RecommendedGenreResponse.swift; sourceTree = "<group>"; };
		48DB0B142897C31300B42B6D /* RecommendationsResponse.swift */ = {isa = PBXFileReference; lastKnownFileType = sourcecode.swift; path = RecommendationsResponse.swift; sourceTree = "<group>"; };
		48DB0B172897E97100B42B6D /* NewReleaseCollectionViewCell.swift */ = {isa = PBXFileReference; lastKnownFileType = sourcecode.swift; path = NewReleaseCollectionViewCell.swift; sourceTree = "<group>"; };
		48DB0B192897E9C000B42B6D /* FeaturedPlaylistCollectionViewCell.swift */ = {isa = PBXFileReference; lastKnownFileType = sourcecode.swift; path = FeaturedPlaylistCollectionViewCell.swift; sourceTree = "<group>"; };
		48DB0B1B2897EAF800B42B6D /* RecommendedTrackCollectionViewCell.swift */ = {isa = PBXFileReference; lastKnownFileType = sourcecode.swift; path = RecommendedTrackCollectionViewCell.swift; sourceTree = "<group>"; };
		48DB0B1D2897F68B00B42B6D /* NewReleasesCellViewModel.swift */ = {isa = PBXFileReference; lastKnownFileType = sourcecode.swift; path = NewReleasesCellViewModel.swift; sourceTree = "<group>"; };
		48DB0B1F2897F7BA00B42B6D /* UICollectionViewCell+Extension.swift */ = {isa = PBXFileReference; lastKnownFileType = sourcecode.swift; path = "UICollectionViewCell+Extension.swift"; sourceTree = "<group>"; };
		48E6B01228938E8500A90833 /* APIError.swift */ = {isa = PBXFileReference; lastKnownFileType = sourcecode.swift; path = APIError.swift; sourceTree = "<group>"; };
		48E6B0142893A59900A90833 /* Settings.swift */ = {isa = PBXFileReference; lastKnownFileType = sourcecode.swift; path = Settings.swift; sourceTree = "<group>"; };
		48E6B0162893BFE300A90833 /* AuthConstants.swift */ = {isa = PBXFileReference; lastKnownFileType = sourcecode.swift; path = AuthConstants.swift; sourceTree = "<group>"; };
/* End PBXFileReference section */

/* Begin PBXFrameworksBuildPhase section */
		4822DD8528914B8700D826A3 /* Frameworks */ = {
			isa = PBXFrameworksBuildPhase;
			buildActionMask = 2147483647;
			files = (
				A6FD39BC7A24BB821EA46F58 /* Pods_SpotifyClone.framework in Frameworks */,
			);
			runOnlyForDeploymentPostprocessing = 0;
		};
/* End PBXFrameworksBuildPhase section */

/* Begin PBXGroup section */
		4822DD7F28914B8700D826A3 = {
			isa = PBXGroup;
			children = (
				4822DD8A28914B8700D826A3 /* SpotifyClone */,
				4822DD8928914B8700D826A3 /* Products */,
				9FC72AA1B6583BDAB6A697D6 /* Pods */,
				BFD393FD3D69DFF95E7B5691 /* Frameworks */,
			);
			sourceTree = "<group>";
		};
		4822DD8928914B8700D826A3 /* Products */ = {
			isa = PBXGroup;
			children = (
				4822DD8828914B8700D826A3 /* SpotifyClone.app */,
			);
			name = Products;
			sourceTree = "<group>";
		};
		4822DD8A28914B8700D826A3 /* SpotifyClone */ = {
			isa = PBXGroup;
			children = (
				4822DDD42891627600D826A3 /* Extension */,
				4822DDA828914CB300D826A3 /* Resources */,
				4822DDA728914CAB00D826A3 /* Managers */,
				4822DDA628914CA100D826A3 /* ViewModels */,
				4822DDA528914C9B00D826A3 /* Models */,
				4822DDA428914C8900D826A3 /* Controllers */,
				4822DDA328914C7700D826A3 /* Views */,
				4822DD8F28914B8700D826A3 /* ViewController.swift */,
				4822DD9F28914C4C00D826A3 /* Main.storyboard */,
				4822DD9928914B8A00D826A3 /* Info.plist */,
			);
			path = SpotifyClone;
			sourceTree = "<group>";
		};
		4822DDA328914C7700D826A3 /* Views */ = {
			isa = PBXGroup;
			children = (
				4823EF9128A0CF49001DA1CE /* SearchResultsCells */,
				48DB0B162897E93400B42B6D /* Browse */,
				4822DD9628914B8A00D826A3 /* LaunchScreen.storyboard */,
				48C0C6EF289A71780010E7CB /* PlaylistHeaderCollectionReusableView.swift */,
				48C0C6F5289B80F20010E7CB /* TitleHeaderCollectionReusableView.swift */,
				486A366A289BD93C00F7A370 /* File.swift */,
				486A366C289BD95E00F7A370 /* AlbumTrackCollectionViewCell.swift */,
				48AB9600289CD09400520109 /* CategoryCollectionViewCell.swift */,
			);
			path = Views;
			sourceTree = "<group>";
		};
		4822DDA428914C8900D826A3 /* Controllers */ = {
			isa = PBXGroup;
			children = (
				4822DDB028914E0E00D826A3 /* Others */,
				4822DDAF28914E0400D826A3 /* Core */,
			);
			path = Controllers;
			sourceTree = "<group>";
		};
		4822DDA528914C9B00D826A3 /* Models */ = {
			isa = PBXGroup;
			children = (
				4822DDC528914EED00D826A3 /* Playlist.swift */,
				48AB9604289CFFE400520109 /* CategoryPlaylistResponse.swift */,
				4822DDC728914EF700D826A3 /* AudioTrack.swift */,
				4822DDC928914EFE00D826A3 /* Artist.swift */,
				4822DDCD28914F1600D826A3 /* UserProfile.swift */,
				48D5B1362893F1AE00796973 /* ApiImage.swift */,
				48D5B13A2893FD9600796973 /* FeaturedPlaylistResponse.swift */,
				4822DDDA28925B1600D826A3 /* AuthResponse.swift */,
				48E6B0142893A59900A90833 /* Settings.swift */,
				48D5B1342893EF9C00796973 /* NewReleasesResponse.swift */,
				48DB0B12289790F000B42B6D /* RecommendedGenreResponse.swift */,
				48DB0B142897C31300B42B6D /* RecommendationsResponse.swift */,
				48B8FBAE289A3FBF008951CF /* AlbumDetailResponse.swift */,
				48B8FBB0289A5BDD008951CF /* PlaylistDetailResponse.swift */,
				48AB9602289CF9F400520109 /* AllCategoriesResponse.swift */,
				48AB960A289D2FA600520109 /* SearchResultResponse.swift */,
				48AB960C289D334000520109 /* SearchResults.swift */,
			);
			path = Models;
			sourceTree = "<group>";
		};
		4822DDA628914CA100D826A3 /* ViewModels */ = {
			isa = PBXGroup;
			children = (
				48DB0B1D2897F68B00B42B6D /* NewReleasesCellViewModel.swift */,
				48995AB228993DAF009BD2E8 /* FeaturedPlaylistCellViewModel.swift */,
				48995AB428993E4A009BD2E8 /* RecommendedTrackCellViewModel.swift */,
				486A366E289BDB8500F7A370 /* AlbumCollectionViewCellViewModel.swift */,
				48C0C6F3289A87DB0010E7CB /* PlaylistHeaderViewViewModel.swift */,
				48AB9606289D054C00520109 /* CategoryCollectionViewCellViewModel.swift */,
				4847190428A26CDF00F2C020 /* SearchResultDefaultTableViewCellViewModel.swift */,
				4847190C28A27C0D00F2C020 /* SearchResultSubtitleTableViewCellViewModel.swift */,
			);
			path = ViewModels;
			sourceTree = "<group>";
		};
		4822DDA728914CAB00D826A3 /* Managers */ = {
			isa = PBXGroup;
			children = (
				4822DDBF28914E9E00D826A3 /* AuthManager.swift */,
				4822DDC128914EBB00D826A3 /* APICaller.swift */,
				4822DDC328914EC400D826A3 /* HapticsManager.swift */,
			);
			path = Managers;
			sourceTree = "<group>";
		};
		4822DDA828914CB300D826A3 /* Resources */ = {
			isa = PBXGroup;
			children = (
				4822DDD728924C3400D826A3 /* Endpoints */,
				4822DDCF2891576400D826A3 /* Constants */,
				4822DD9428914B8A00D826A3 /* Assets.xcassets */,
				4822DD8B28914B8700D826A3 /* AppDelegate.swift */,
				4822DD8D28914B8700D826A3 /* SceneDelegate.swift */,
			);
			path = Resources;
			sourceTree = "<group>";
		};
		4822DDAF28914E0400D826A3 /* Core */ = {
			isa = PBXGroup;
			children = (
				4822DDA928914DC000D826A3 /* TabBarViewController.swift */,
				4822DDA128914C7200D826A3 /* HomeViewController.swift */,
				4822DDAB28914DDF00D826A3 /* SearchViewController.swift */,
				4822DDAD28914DFE00D826A3 /* LibraryViewController.swift */,
			);
			path = Core;
			sourceTree = "<group>";
		};
		4822DDB028914E0E00D826A3 /* Others */ = {
			isa = PBXGroup;
			children = (
				4822DDB128914E2600D826A3 /* AuthViewController.swift */,
				4822DDB328914E3300D826A3 /* WelcomeViewController.swift */,
				4822DDB528914E3A00D826A3 /* SettingsViewController.swift */,
				4822DDB728914E4800D826A3 /* ProfileViewController.swift */,
				4822DDB928914E5500D826A3 /* PlayerViewController.swift */,
				4822DDBB28914E5E00D826A3 /* PlaylistViewController.swift */,
				4822DDBD28914E7300D826A3 /* SearchResultViewController.swift */,
				48B8FBAC289A3364008951CF /* AlbumViewController.swift */,
				48AB9608289D098700520109 /* CategoryViewController.swift */,
			);
			path = Others;
			sourceTree = "<group>";
		};
		4822DDCF2891576400D826A3 /* Constants */ = {
			isa = PBXGroup;
			children = (
				4822DDDD2892768D00D826A3 /* Constants.swift */,
				4822DDDF2892786100D826A3 /* UserDefaultsKeys.swift */,
				48E6B01228938E8500A90833 /* APIError.swift */,
				48E6B0162893BFE300A90833 /* AuthConstants.swift */,
			);
			path = Constants;
			sourceTree = "<group>";
		};
		4822DDD42891627600D826A3 /* Extension */ = {
			isa = PBXGroup;
			children = (
				4822DDD52891628A00D826A3 /* UIView+Extension.swift */,
				486A3672289BDE3800F7A370 /* String+Extension.swift */,
				48DB0B1F2897F7BA00B42B6D /* UICollectionViewCell+Extension.swift */,
				4847190828A26E0600F2C020 /* UITableViewCell+Extension.swift */,
				486A3670289BDCB800F7A370 /* DateFormatter+Extension.swift */,
			);
			path = Extension;
			sourceTree = "<group>";
		};
		4822DDD728924C3400D826A3 /* Endpoints */ = {
			isa = PBXGroup;
			children = (
				4822DDD828924C4300D826A3 /* Endpoints.swift */,
			);
			path = Endpoints;
			sourceTree = "<group>";
		};
		4823EF9128A0CF49001DA1CE /* SearchResultsCells */ = {
			isa = PBXGroup;
			children = (
				4823EF9228A0CF78001DA1CE /* SearchResultDefaultTableViewCell.swift */,
				4847190A28A27A8C00F2C020 /* SearchResultSubtitleTableViewCell.swift */,
			);
			path = SearchResultsCells;
			sourceTree = "<group>";
		};
		48DB0B162897E93400B42B6D /* Browse */ = {
			isa = PBXGroup;
			children = (
				48DB0B172897E97100B42B6D /* NewReleaseCollectionViewCell.swift */,
				48DB0B192897E9C000B42B6D /* FeaturedPlaylistCollectionViewCell.swift */,
				48DB0B1B2897EAF800B42B6D /* RecommendedTrackCollectionViewCell.swift */,
			);
			path = Browse;
			sourceTree = "<group>";
		};
		9FC72AA1B6583BDAB6A697D6 /* Pods */ = {
			isa = PBXGroup;
			children = (
				42153DA7F9739389654CD067 /* Pods-SpotifyClone.debug.xcconfig */,
				2367FA7A8DA00A3B9A614B67 /* Pods-SpotifyClone.release.xcconfig */,
			);
			path = Pods;
			sourceTree = "<group>";
		};
		BFD393FD3D69DFF95E7B5691 /* Frameworks */ = {
			isa = PBXGroup;
			children = (
				42843CC6D5D706393A154CA0 /* Pods_SpotifyClone.framework */,
			);
			name = Frameworks;
			sourceTree = "<group>";
		};
/* End PBXGroup section */

/* Begin PBXNativeTarget section */
		4822DD8728914B8700D826A3 /* SpotifyClone */ = {
			isa = PBXNativeTarget;
			buildConfigurationList = 4822DD9C28914B8A00D826A3 /* Build configuration list for PBXNativeTarget "SpotifyClone" */;
			buildPhases = (
				59F8CCAC2B4BB1E61365DD1B /* [CP] Check Pods Manifest.lock */,
				4822DD8428914B8700D826A3 /* Sources */,
				4822DD8528914B8700D826A3 /* Frameworks */,
				4822DD8628914B8700D826A3 /* Resources */,
				6D7FC7187229705AFE3677C6 /* [CP] Embed Pods Frameworks */,
			);
			buildRules = (
			);
			dependencies = (
			);
			name = SpotifyClone;
			productName = SpotifyClone;
			productReference = 4822DD8828914B8700D826A3 /* SpotifyClone.app */;
			productType = "com.apple.product-type.application";
		};
/* End PBXNativeTarget section */

/* Begin PBXProject section */
		4822DD8028914B8700D826A3 /* Project object */ = {
			isa = PBXProject;
			attributes = {
				BuildIndependentTargetsInParallel = 1;
				LastSwiftUpdateCheck = 1330;
				LastUpgradeCheck = 1330;
				TargetAttributes = {
					4822DD8728914B8700D826A3 = {
						CreatedOnToolsVersion = 13.3;
					};
				};
			};
			buildConfigurationList = 4822DD8328914B8700D826A3 /* Build configuration list for PBXProject "SpotifyClone" */;
			compatibilityVersion = "Xcode 13.0";
			developmentRegion = en;
			hasScannedForEncodings = 0;
			knownRegions = (
				en,
				Base,
			);
			mainGroup = 4822DD7F28914B8700D826A3;
			productRefGroup = 4822DD8928914B8700D826A3 /* Products */;
			projectDirPath = "";
			projectRoot = "";
			targets = (
				4822DD8728914B8700D826A3 /* SpotifyClone */,
			);
		};
/* End PBXProject section */

/* Begin PBXResourcesBuildPhase section */
		4822DD8628914B8700D826A3 /* Resources */ = {
			isa = PBXResourcesBuildPhase;
			buildActionMask = 2147483647;
			files = (
				4822DD9828914B8A00D826A3 /* LaunchScreen.storyboard in Resources */,
				4822DDA028914C4C00D826A3 /* Main.storyboard in Resources */,
				4822DD9528914B8A00D826A3 /* Assets.xcassets in Resources */,
			);
			runOnlyForDeploymentPostprocessing = 0;
		};
/* End PBXResourcesBuildPhase section */

/* Begin PBXShellScriptBuildPhase section */
		59F8CCAC2B4BB1E61365DD1B /* [CP] Check Pods Manifest.lock */ = {
			isa = PBXShellScriptBuildPhase;
			buildActionMask = 2147483647;
			files = (
			);
			inputFileListPaths = (
			);
			inputPaths = (
				"${PODS_PODFILE_DIR_PATH}/Podfile.lock",
				"${PODS_ROOT}/Manifest.lock",
			);
			name = "[CP] Check Pods Manifest.lock";
			outputFileListPaths = (
			);
			outputPaths = (
				"$(DERIVED_FILE_DIR)/Pods-SpotifyClone-checkManifestLockResult.txt",
			);
			runOnlyForDeploymentPostprocessing = 0;
			shellPath = /bin/sh;
			shellScript = "diff \"${PODS_PODFILE_DIR_PATH}/Podfile.lock\" \"${PODS_ROOT}/Manifest.lock\" > /dev/null\nif [ $? != 0 ] ; then\n    # print error to STDERR\n    echo \"error: The sandbox is not in sync with the Podfile.lock. Run 'pod install' or update your CocoaPods installation.\" >&2\n    exit 1\nfi\n# This output is used by Xcode 'outputs' to avoid re-running this script phase.\necho \"SUCCESS\" > \"${SCRIPT_OUTPUT_FILE_0}\"\n";
			showEnvVarsInLog = 0;
		};
		6D7FC7187229705AFE3677C6 /* [CP] Embed Pods Frameworks */ = {
			isa = PBXShellScriptBuildPhase;
			buildActionMask = 2147483647;
			files = (
			);
			inputFileListPaths = (
				"${PODS_ROOT}/Target Support Files/Pods-SpotifyClone/Pods-SpotifyClone-frameworks-${CONFIGURATION}-input-files.xcfilelist",
			);
			name = "[CP] Embed Pods Frameworks";
			outputFileListPaths = (
				"${PODS_ROOT}/Target Support Files/Pods-SpotifyClone/Pods-SpotifyClone-frameworks-${CONFIGURATION}-output-files.xcfilelist",
			);
			runOnlyForDeploymentPostprocessing = 0;
			shellPath = /bin/sh;
			shellScript = "\"${PODS_ROOT}/Target Support Files/Pods-SpotifyClone/Pods-SpotifyClone-frameworks.sh\"\n";
			showEnvVarsInLog = 0;
		};
/* End PBXShellScriptBuildPhase section */

/* Begin PBXSourcesBuildPhase section */
		4822DD8428914B8700D826A3 /* Sources */ = {
			isa = PBXSourcesBuildPhase;
			buildActionMask = 2147483647;
			files = (
				48D5B13B2893FD9600796973 /* FeaturedPlaylistResponse.swift in Sources */,
				48E6B0152893A59900A90833 /* Settings.swift in Sources */,
				48C0C6F0289A71780010E7CB /* PlaylistHeaderCollectionReusableView.swift in Sources */,
				4822DDB428914E3300D826A3 /* WelcomeViewController.swift in Sources */,
				48B8FBAF289A3FBF008951CF /* AlbumDetailResponse.swift in Sources */,
				48DB0B1E2897F68B00B42B6D /* NewReleasesCellViewModel.swift in Sources */,
				48AB9603289CF9F400520109 /* AllCategoriesResponse.swift in Sources */,
				48995AB328993DB0009BD2E8 /* FeaturedPlaylistCellViewModel.swift in Sources */,
				48DB0B13289790F000B42B6D /* RecommendedGenreResponse.swift in Sources */,
				48B8FBAD289A3364008951CF /* AlbumViewController.swift in Sources */,
				48995AB528993E4A009BD2E8 /* RecommendedTrackCellViewModel.swift in Sources */,
				48D5B1372893F1AE00796973 /* ApiImage.swift in Sources */,
				4822DDC828914EF700D826A3 /* AudioTrack.swift in Sources */,
				48C0C6F4289A87DB0010E7CB /* PlaylistHeaderViewViewModel.swift in Sources */,
				48B8FBB1289A5BDD008951CF /* PlaylistDetailResponse.swift in Sources */,
				48AB960D289D334000520109 /* SearchResults.swift in Sources */,
				486A3671289BDCB800F7A370 /* DateFormatter+Extension.swift in Sources */,
				4822DDAC28914DDF00D826A3 /* SearchViewController.swift in Sources */,
				48DB0B1C2897EAF800B42B6D /* RecommendedTrackCollectionViewCell.swift in Sources */,
				4822DDDB28925B1600D826A3 /* AuthResponse.swift in Sources */,
				4822DDE02892786100D826A3 /* UserDefaultsKeys.swift in Sources */,
				4822DD9028914B8700D826A3 /* ViewController.swift in Sources */,
				486A366F289BDB8500F7A370 /* AlbumCollectionViewCellViewModel.swift in Sources */,
				48AB9609289D098700520109 /* CategoryViewController.swift in Sources */,
				4822DDB628914E3A00D826A3 /* SettingsViewController.swift in Sources */,
				4822DDC028914E9E00D826A3 /* AuthManager.swift in Sources */,
				48DB0B202897F7BA00B42B6D /* UICollectionViewCell+Extension.swift in Sources */,
				4822DDDE2892768D00D826A3 /* Constants.swift in Sources */,
				48DB0B152897C31300B42B6D /* RecommendationsResponse.swift in Sources */,
				4822DDBC28914E5E00D826A3 /* PlaylistViewController.swift in Sources */,
				4822DD8C28914B8700D826A3 /* AppDelegate.swift in Sources */,
				48AB9607289D054C00520109 /* CategoryCollectionViewCellViewModel.swift in Sources */,
				48DB0B1A2897E9C000B42B6D /* FeaturedPlaylistCollectionViewCell.swift in Sources */,
				48DB0B182897E97100B42B6D /* NewReleaseCollectionViewCell.swift in Sources */,
				4822DDC228914EBB00D826A3 /* APICaller.swift in Sources */,
				4822DDC428914EC400D826A3 /* HapticsManager.swift in Sources */,
				48AB9605289CFFE400520109 /* CategoryPlaylistResponse.swift in Sources */,
				486A3673289BDE3800F7A370 /* String+Extension.swift in Sources */,
				48E6B01328938E8500A90833 /* APIError.swift in Sources */,
				4822DDD62891628A00D826A3 /* UIView+Extension.swift in Sources */,
				48AB960B289D2FA600520109 /* SearchResultResponse.swift in Sources */,
				4822DDBA28914E5500D826A3 /* PlayerViewController.swift in Sources */,
				4822DD8E28914B8700D826A3 /* SceneDelegate.swift in Sources */,
				4822DDC628914EED00D826A3 /* Playlist.swift in Sources */,
				4822DDBE28914E7300D826A3 /* SearchResultViewController.swift in Sources */,
				4847190528A26CDF00F2C020 /* SearchResultDefaultTableViewCellViewModel.swift in Sources */,
				4822DDB828914E4800D826A3 /* ProfileViewController.swift in Sources */,
				486A366B289BD93C00F7A370 /* File.swift in Sources */,
				4847190B28A27A8C00F2C020 /* SearchResultSubtitleTableViewCell.swift in Sources */,
				4822DDCE28914F1600D826A3 /* UserProfile.swift in Sources */,
				4847190928A26E0600F2C020 /* UITableViewCell+Extension.swift in Sources */,
				4822DDB228914E2600D826A3 /* AuthViewController.swift in Sources */,
				4822DDAE28914DFE00D826A3 /* LibraryViewController.swift in Sources */,
				4823EF9328A0CF78001DA1CE /* SearchResultDefaultTableViewCell.swift in Sources */,
				486A366D289BD95E00F7A370 /* AlbumTrackCollectionViewCell.swift in Sources */,
				4822DDAA28914DC000D826A3 /* TabBarViewController.swift in Sources */,
				4822DDCA28914EFE00D826A3 /* Artist.swift in Sources */,
				4822DDD928924C4300D826A3 /* Endpoints.swift in Sources */,
				48D5B1352893EF9C00796973 /* NewReleasesResponse.swift in Sources */,
				4847190D28A27C0D00F2C020 /* SearchResultSubtitleTableViewCellViewModel.swift in Sources */,
				4822DDA228914C7200D826A3 /* HomeViewController.swift in Sources */,
				48AB9601289CD09400520109 /* CategoryCollectionViewCell.swift in Sources */,
				48E6B0172893BFE300A90833 /* AuthConstants.swift in Sources */,
				48C0C6F6289B80F20010E7CB /* TitleHeaderCollectionReusableView.swift in Sources */,
			);
			runOnlyForDeploymentPostprocessing = 0;
		};
/* End PBXSourcesBuildPhase section */

/* Begin PBXVariantGroup section */
		4822DD9628914B8A00D826A3 /* LaunchScreen.storyboard */ = {
			isa = PBXVariantGroup;
			children = (
				4822DD9728914B8A00D826A3 /* Base */,
			);
			name = LaunchScreen.storyboard;
			sourceTree = "<group>";
		};
/* End PBXVariantGroup section */

/* Begin XCBuildConfiguration section */
		4822DD9A28914B8A00D826A3 /* Debug */ = {
			isa = XCBuildConfiguration;
			buildSettings = {
				ALWAYS_SEARCH_USER_PATHS = NO;
				CLANG_ANALYZER_NONNULL = YES;
				CLANG_ANALYZER_NUMBER_OBJECT_CONVERSION = YES_AGGRESSIVE;
				CLANG_CXX_LANGUAGE_STANDARD = "gnu++17";
				CLANG_ENABLE_MODULES = YES;
				CLANG_ENABLE_OBJC_ARC = YES;
				CLANG_ENABLE_OBJC_WEAK = YES;
				CLANG_WARN_BLOCK_CAPTURE_AUTORELEASING = YES;
				CLANG_WARN_BOOL_CONVERSION = YES;
				CLANG_WARN_COMMA = YES;
				CLANG_WARN_CONSTANT_CONVERSION = YES;
				CLANG_WARN_DEPRECATED_OBJC_IMPLEMENTATIONS = YES;
				CLANG_WARN_DIRECT_OBJC_ISA_USAGE = YES_ERROR;
				CLANG_WARN_DOCUMENTATION_COMMENTS = YES;
				CLANG_WARN_EMPTY_BODY = YES;
				CLANG_WARN_ENUM_CONVERSION = YES;
				CLANG_WARN_INFINITE_RECURSION = YES;
				CLANG_WARN_INT_CONVERSION = YES;
				CLANG_WARN_NON_LITERAL_NULL_CONVERSION = YES;
				CLANG_WARN_OBJC_IMPLICIT_RETAIN_SELF = YES;
				CLANG_WARN_OBJC_LITERAL_CONVERSION = YES;
				CLANG_WARN_OBJC_ROOT_CLASS = YES_ERROR;
				CLANG_WARN_QUOTED_INCLUDE_IN_FRAMEWORK_HEADER = YES;
				CLANG_WARN_RANGE_LOOP_ANALYSIS = YES;
				CLANG_WARN_STRICT_PROTOTYPES = YES;
				CLANG_WARN_SUSPICIOUS_MOVE = YES;
				CLANG_WARN_UNGUARDED_AVAILABILITY = YES_AGGRESSIVE;
				CLANG_WARN_UNREACHABLE_CODE = YES;
				CLANG_WARN__DUPLICATE_METHOD_MATCH = YES;
				COPY_PHASE_STRIP = NO;
				DEBUG_INFORMATION_FORMAT = dwarf;
				ENABLE_STRICT_OBJC_MSGSEND = YES;
				ENABLE_TESTABILITY = YES;
				GCC_C_LANGUAGE_STANDARD = gnu11;
				GCC_DYNAMIC_NO_PIC = NO;
				GCC_NO_COMMON_BLOCKS = YES;
				GCC_OPTIMIZATION_LEVEL = 0;
				GCC_PREPROCESSOR_DEFINITIONS = (
					"DEBUG=1",
					"$(inherited)",
				);
				GCC_WARN_64_TO_32_BIT_CONVERSION = YES;
				GCC_WARN_ABOUT_RETURN_TYPE = YES_ERROR;
				GCC_WARN_UNDECLARED_SELECTOR = YES;
				GCC_WARN_UNINITIALIZED_AUTOS = YES_AGGRESSIVE;
				GCC_WARN_UNUSED_FUNCTION = YES;
				GCC_WARN_UNUSED_VARIABLE = YES;
				IPHONEOS_DEPLOYMENT_TARGET = 15.4;
				MTL_ENABLE_DEBUG_INFO = INCLUDE_SOURCE;
				MTL_FAST_MATH = YES;
				ONLY_ACTIVE_ARCH = YES;
				SDKROOT = iphoneos;
				SWIFT_ACTIVE_COMPILATION_CONDITIONS = DEBUG;
				SWIFT_OPTIMIZATION_LEVEL = "-Onone";
			};
			name = Debug;
		};
		4822DD9B28914B8A00D826A3 /* Release */ = {
			isa = XCBuildConfiguration;
			buildSettings = {
				ALWAYS_SEARCH_USER_PATHS = NO;
				CLANG_ANALYZER_NONNULL = YES;
				CLANG_ANALYZER_NUMBER_OBJECT_CONVERSION = YES_AGGRESSIVE;
				CLANG_CXX_LANGUAGE_STANDARD = "gnu++17";
				CLANG_ENABLE_MODULES = YES;
				CLANG_ENABLE_OBJC_ARC = YES;
				CLANG_ENABLE_OBJC_WEAK = YES;
				CLANG_WARN_BLOCK_CAPTURE_AUTORELEASING = YES;
				CLANG_WARN_BOOL_CONVERSION = YES;
				CLANG_WARN_COMMA = YES;
				CLANG_WARN_CONSTANT_CONVERSION = YES;
				CLANG_WARN_DEPRECATED_OBJC_IMPLEMENTATIONS = YES;
				CLANG_WARN_DIRECT_OBJC_ISA_USAGE = YES_ERROR;
				CLANG_WARN_DOCUMENTATION_COMMENTS = YES;
				CLANG_WARN_EMPTY_BODY = YES;
				CLANG_WARN_ENUM_CONVERSION = YES;
				CLANG_WARN_INFINITE_RECURSION = YES;
				CLANG_WARN_INT_CONVERSION = YES;
				CLANG_WARN_NON_LITERAL_NULL_CONVERSION = YES;
				CLANG_WARN_OBJC_IMPLICIT_RETAIN_SELF = YES;
				CLANG_WARN_OBJC_LITERAL_CONVERSION = YES;
				CLANG_WARN_OBJC_ROOT_CLASS = YES_ERROR;
				CLANG_WARN_QUOTED_INCLUDE_IN_FRAMEWORK_HEADER = YES;
				CLANG_WARN_RANGE_LOOP_ANALYSIS = YES;
				CLANG_WARN_STRICT_PROTOTYPES = YES;
				CLANG_WARN_SUSPICIOUS_MOVE = YES;
				CLANG_WARN_UNGUARDED_AVAILABILITY = YES_AGGRESSIVE;
				CLANG_WARN_UNREACHABLE_CODE = YES;
				CLANG_WARN__DUPLICATE_METHOD_MATCH = YES;
				COPY_PHASE_STRIP = NO;
				DEBUG_INFORMATION_FORMAT = "dwarf-with-dsym";
				ENABLE_NS_ASSERTIONS = NO;
				ENABLE_STRICT_OBJC_MSGSEND = YES;
				GCC_C_LANGUAGE_STANDARD = gnu11;
				GCC_NO_COMMON_BLOCKS = YES;
				GCC_WARN_64_TO_32_BIT_CONVERSION = YES;
				GCC_WARN_ABOUT_RETURN_TYPE = YES_ERROR;
				GCC_WARN_UNDECLARED_SELECTOR = YES;
				GCC_WARN_UNINITIALIZED_AUTOS = YES_AGGRESSIVE;
				GCC_WARN_UNUSED_FUNCTION = YES;
				GCC_WARN_UNUSED_VARIABLE = YES;
				IPHONEOS_DEPLOYMENT_TARGET = 15.4;
				MTL_ENABLE_DEBUG_INFO = NO;
				MTL_FAST_MATH = YES;
				SDKROOT = iphoneos;
				SWIFT_COMPILATION_MODE = wholemodule;
				SWIFT_OPTIMIZATION_LEVEL = "-O";
				VALIDATE_PRODUCT = YES;
			};
			name = Release;
		};
		4822DD9D28914B8A00D826A3 /* Debug */ = {
			isa = XCBuildConfiguration;
			baseConfigurationReference = 42153DA7F9739389654CD067 /* Pods-SpotifyClone.debug.xcconfig */;
			buildSettings = {
				ASSETCATALOG_COMPILER_APPICON_NAME = AppIcon;
				ASSETCATALOG_COMPILER_GLOBAL_ACCENT_COLOR_NAME = AccentColor;
				CODE_SIGN_STYLE = Automatic;
				CURRENT_PROJECT_VERSION = 1;
				DEVELOPMENT_TEAM = P7YG254GA3;
				GENERATE_INFOPLIST_FILE = YES;
				INFOPLIST_FILE = SpotifyClone/Info.plist;
				INFOPLIST_KEY_UIApplicationSupportsIndirectInputEvents = YES;
				INFOPLIST_KEY_UILaunchStoryboardName = LaunchScreen;
				INFOPLIST_KEY_UIMainStoryboardFile = Main;
				INFOPLIST_KEY_UISupportedInterfaceOrientations_iPad = "UIInterfaceOrientationPortrait UIInterfaceOrientationPortraitUpsideDown UIInterfaceOrientationLandscapeLeft UIInterfaceOrientationLandscapeRight";
				INFOPLIST_KEY_UISupportedInterfaceOrientations_iPhone = "UIInterfaceOrientationPortrait UIInterfaceOrientationLandscapeLeft UIInterfaceOrientationLandscapeRight";
				LD_RUNPATH_SEARCH_PATHS = (
					"$(inherited)",
					"@executable_path/Frameworks",
				);
				MARKETING_VERSION = 1.0;
				PRODUCT_BUNDLE_IDENTIFIER = com.karma.SpotifyClone;
				PRODUCT_NAME = "$(TARGET_NAME)";
				SWIFT_EMIT_LOC_STRINGS = YES;
				SWIFT_VERSION = 5.0;
				TARGETED_DEVICE_FAMILY = "1,2";
			};
			name = Debug;
		};
		4822DD9E28914B8A00D826A3 /* Release */ = {
			isa = XCBuildConfiguration;
			baseConfigurationReference = 2367FA7A8DA00A3B9A614B67 /* Pods-SpotifyClone.release.xcconfig */;
			buildSettings = {
				ASSETCATALOG_COMPILER_APPICON_NAME = AppIcon;
				ASSETCATALOG_COMPILER_GLOBAL_ACCENT_COLOR_NAME = AccentColor;
				CODE_SIGN_STYLE = Automatic;
				CURRENT_PROJECT_VERSION = 1;
				DEVELOPMENT_TEAM = P7YG254GA3;
				GENERATE_INFOPLIST_FILE = YES;
				INFOPLIST_FILE = SpotifyClone/Info.plist;
				INFOPLIST_KEY_UIApplicationSupportsIndirectInputEvents = YES;
				INFOPLIST_KEY_UILaunchStoryboardName = LaunchScreen;
				INFOPLIST_KEY_UIMainStoryboardFile = Main;
				INFOPLIST_KEY_UISupportedInterfaceOrientations_iPad = "UIInterfaceOrientationPortrait UIInterfaceOrientationPortraitUpsideDown UIInterfaceOrientationLandscapeLeft UIInterfaceOrientationLandscapeRight";
				INFOPLIST_KEY_UISupportedInterfaceOrientations_iPhone = "UIInterfaceOrientationPortrait UIInterfaceOrientationLandscapeLeft UIInterfaceOrientationLandscapeRight";
				LD_RUNPATH_SEARCH_PATHS = (
					"$(inherited)",
					"@executable_path/Frameworks",
				);
				MARKETING_VERSION = 1.0;
				PRODUCT_BUNDLE_IDENTIFIER = com.karma.SpotifyClone;
				PRODUCT_NAME = "$(TARGET_NAME)";
				SWIFT_EMIT_LOC_STRINGS = YES;
				SWIFT_VERSION = 5.0;
				TARGETED_DEVICE_FAMILY = "1,2";
			};
			name = Release;
		};
/* End XCBuildConfiguration section */

/* Begin XCConfigurationList section */
		4822DD8328914B8700D826A3 /* Build configuration list for PBXProject "SpotifyClone" */ = {
			isa = XCConfigurationList;
			buildConfigurations = (
				4822DD9A28914B8A00D826A3 /* Debug */,
				4822DD9B28914B8A00D826A3 /* Release */,
			);
			defaultConfigurationIsVisible = 0;
			defaultConfigurationName = Release;
		};
		4822DD9C28914B8A00D826A3 /* Build configuration list for PBXNativeTarget "SpotifyClone" */ = {
			isa = XCConfigurationList;
			buildConfigurations = (
				4822DD9D28914B8A00D826A3 /* Debug */,
				4822DD9E28914B8A00D826A3 /* Release */,
			);
			defaultConfigurationIsVisible = 0;
			defaultConfigurationName = Release;
		};
/* End XCConfigurationList section */
	};
	rootObject = 4822DD8028914B8700D826A3 /* Project object */;
}
